
Microsoft Visual Studio Solution File, Format Version 12.00
# Visual Studio Version 17
VisualStudioVersion = 17.11.35327.3
MinimumVisualStudioVersion = 10.0.40219.1
Project("{FAE04EC0-301F-11D3-BF4B-00C04F79EFBC}") = "AngularApp1.Server", "AngularApp1.Server\AngularApp1.Server.csproj", "{17282A7D-E520-4DDC-A96B-75DC1150DB11}"
EndProject
Project("{54A90642-561A-4BB1-A94E-469ADEE60C69}") = "angularapp1.client", "angularapp1.client\angularapp1.client.esproj", "{BFEA73C0-8925-407C-A7EA-93CB364BEB79}"
EndProject
Global
	GlobalSection(SolutionConfigurationPlatforms) = preSolution
		Debug|Any CPU = Debug|Any CPU
		Release|Any CPU = Release|Any CPU
	EndGlobalSection
	GlobalSection(ProjectConfigurationPlatforms) = postSolution
		{17282A7D-E520-4DDC-A96B-75DC1150DB11}.Debug|Any CPU.ActiveCfg = Debug|Any CPU
		{17282A7D-E520-4DDC-A96B-75DC1150DB11}.Debug|Any CPU.Build.0 = Debug|Any CPU
		{17282A7D-E520-4DDC-A96B-75DC1150DB11}.Release|Any CPU.ActiveCfg = Release|Any CPU
		{17282A7D-E520-4DDC-A96B-75DC1150DB11}.Release|Any CPU.Build.0 = Release|Any CPU
		{BFEA73C0-8925-407C-A7EA-93CB364BEB79}.Debug|Any CPU.ActiveCfg = Debug|Any CPU
		{BFEA73C0-8925-407C-A7EA-93CB364BEB79}.Debug|Any CPU.Build.0 = Debug|Any CPU
		{BFEA73C0-8925-407C-A7EA-93CB364BEB79}.Debug|Any CPU.Deploy.0 = Debug|Any CPU
		{BFEA73C0-8925-407C-A7EA-93CB364BEB79}.Release|Any CPU.ActiveCfg = Release|Any CPU
		{BFEA73C0-8925-407C-A7EA-93CB364BEB79}.Release|Any CPU.Build.0 = Release|Any CPU
		{BFEA73C0-8925-407C-A7EA-93CB364BEB79}.Release|Any CPU.Deploy.0 = Release|Any CPU
	EndGlobalSection
	GlobalSection(SolutionProperties) = preSolution
		HideSolutionNode = FALSE
	EndGlobalSection
	GlobalSection(ExtensibilityGlobals) = postSolution
		SolutionGuid = {CF611C81-C0B1-42C5-B349-B54F1278BB7E}
	EndGlobalSection
EndGlobal
